
Microsoft Visual Studio Solution File, Format Version 12.00
# Visual Studio Version 17
VisualStudioVersion = 17.5.33516.290
MinimumVisualStudioVersion = 10.0.40219.1
Project("{9A19103F-16F7-4668-BE54-9A1E7A4F7556}") = "Publisher", "Publisher\Publisher.csproj", "{46045170-96A1-495A-85DD-D6ABBC3BC385}"
EndProject
Project("{FAE04EC0-301F-11D3-BF4B-00C04F79EFBC}") = "Subscriber1", "Subscriber1\Subscriber1.csproj", "{FCCD1FE3-3E66-4ACD-ABDE-FDD5A2632C56}"
EndProject
Global
	GlobalSection(SolutionConfigurationPlatforms) = preSolution
		Debug|Any CPU = Debug|Any CPU
		Release|Any CPU = Release|Any CPU
	EndGlobalSection
	GlobalSection(ProjectConfigurationPlatforms) = postSolution
		{46045170-96A1-495A-85DD-D6ABBC3BC385}.Debug|Any CPU.ActiveCfg = Debug|Any CPU
		{46045170-96A1-495A-85DD-D6ABBC3BC385}.Debug|Any CPU.Build.0 = Debug|Any CPU
		{46045170-96A1-495A-85DD-D6ABBC3BC385}.Release|Any CPU.ActiveCfg = Release|Any CPU
		{46045170-96A1-495A-85DD-D6ABBC3BC385}.Release|Any CPU.Build.0 = Release|Any CPU
		{FCCD1FE3-3E66-4ACD-ABDE-FDD5A2632C56}.Debug|Any CPU.ActiveCfg = Debug|Any CPU
		{FCCD1FE3-3E66-4ACD-ABDE-FDD5A2632C56}.Debug|Any CPU.Build.0 = Debug|Any CPU
		{FCCD1FE3-3E66-4ACD-ABDE-FDD5A2632C56}.Release|Any CPU.ActiveCfg = Release|Any CPU
		{FCCD1FE3-3E66-4ACD-ABDE-FDD5A2632C56}.Release|Any CPU.Build.0 = Release|Any CPU
	EndGlobalSection
	GlobalSection(SolutionProperties) = preSolution
		HideSolutionNode = FALSE
	EndGlobalSection
	GlobalSection(ExtensibilityGlobals) = postSolution
		SolutionGuid = {024D5D00-9BF7-4DBE-AE34-6673D2E068D4}
	EndGlobalSection
EndGlobal
